
Microsoft Visual Studio Solution File, Format Version 12.00
# Visual Studio Version 17
VisualStudioVersion = 17.8.34330.188
MinimumVisualStudioVersion = 10.0.40219.1
Project("{FAE04EC0-301F-11D3-BF4B-00C04F79EFBC}") = "TGM", "TGM\TGM.csproj", "{30EB8D05-B071-453F-BD80-67E34BBE7AAB}"
EndProject
Global
	GlobalSection(SolutionConfigurationPlatforms) = preSolution
		Debug|Any CPU = Debug|Any CPU
		Release|Any CPU = Release|Any CPU
	EndGlobalSection
	GlobalSection(ProjectConfigurationPlatforms) = postSolution
		{30EB8D05-B071-453F-BD80-67E34BBE7AAB}.Debug|Any CPU.ActiveCfg = Debug|Any CPU
		{30EB8D05-B071-453F-BD80-67E34BBE7AAB}.Debug|Any CPU.Build.0 = Debug|Any CPU
		{30EB8D05-B071-453F-BD80-67E34BBE7AAB}.Release|Any CPU.ActiveCfg = Release|Any CPU
		{30EB8D05-B071-453F-BD80-67E34BBE7AAB}.Release|Any CPU.Build.0 = Release|Any CPU
	EndGlobalSection
	GlobalSection(SolutionProperties) = preSolution
		HideSolutionNode = FALSE
	EndGlobalSection
	GlobalSection(ExtensibilityGlobals) = postSolution
		SolutionGuid = {EBA692AB-621B-427D-83ED-EAF0597D11FE}
	EndGlobalSection
EndGlobal
